
Microsoft Visual Studio Solution File, Format Version 12.00
# Visual Studio Version 17
VisualStudioVersion = 17.1.32228.430
MinimumVisualStudioVersion = 10.0.40219.1
Project("{888888A0-9F3D-457C-B088-3A5042F75D52}") = "StringReverse", "StringReverse\StringReverse.pyproj", "{DED26E51-DD28-4CAF-AF35-49ECF16EFAFF}"
EndProject
Global
	GlobalSection(SolutionConfigurationPlatforms) = preSolution
		Debug|Any CPU = Debug|Any CPU
		Release|Any CPU = Release|Any CPU
	EndGlobalSection
	GlobalSection(ProjectConfigurationPlatforms) = postSolution
		{DED26E51-DD28-4CAF-AF35-49ECF16EFAFF}.Debug|Any CPU.ActiveCfg = Debug|Any CPU
		{DED26E51-DD28-4CAF-AF35-49ECF16EFAFF}.Release|Any CPU.ActiveCfg = Release|Any CPU
	EndGlobalSection
	GlobalSection(SolutionProperties) = preSolution
		HideSolutionNode = FALSE
	EndGlobalSection
	GlobalSection(ExtensibilityGlobals) = postSolution
		SolutionGuid = {AA3256BF-7EF3-4598-B273-3723D052D67D}
	EndGlobalSection
EndGlobal
